
Microsoft Visual Studio Solution File, Format Version 12.00
Project("{FAE04EC0-301F-11D3-BF4B-00C04F79EFBC}") = "RemindMeBot", "RemindMeBot\RemindMeBot.csproj", "{CD902A10-E15D-4832-AD2E-4DA96667AC2E}"
EndProject
Global
	GlobalSection(SolutionConfigurationPlatforms) = preSolution
		Debug|Any CPU = Debug|Any CPU
		Release|Any CPU = Release|Any CPU
	EndGlobalSection
	GlobalSection(ProjectConfigurationPlatforms) = postSolution
		{CD902A10-E15D-4832-AD2E-4DA96667AC2E}.Debug|Any CPU.ActiveCfg = Debug|Any CPU
		{CD902A10-E15D-4832-AD2E-4DA96667AC2E}.Debug|Any CPU.Build.0 = Debug|Any CPU
		{CD902A10-E15D-4832-AD2E-4DA96667AC2E}.Release|Any CPU.ActiveCfg = Release|Any CPU
		{CD902A10-E15D-4832-AD2E-4DA96667AC2E}.Release|Any CPU.Build.0 = Release|Any CPU
	EndGlobalSection
EndGlobal
